// !$*UTF8*$!
{
	archiveVersion = 1;
	classes = {
	};
	objectVersion = 56;
	objects = {

/* Begin PBXBuildFile section */
		EF2B3E602BE2E1F200590216 /* AppDelegate.swift in Sources */ = {isa = PBXBuildFile; fileRef = EF2B3E5F2BE2E1F200590216 /* AppDelegate.swift */; };
		EF2B3E672BE2E1F200590216 /* Main.storyboard in Resources */ = {isa = PBXBuildFile; fileRef = EF2B3E652BE2E1F200590216 /* Main.storyboard */; };
		EF2B3E6A2BE2E1F200590216 /* Application.xcdatamodeld in Sources */ = {isa = PBXBuildFile; fileRef = EF2B3E682BE2E1F200590216 /* Application.xcdatamodeld */; };
		EF2B3E6C2BE2E20000590216 /* Assets.xcassets in Resources */ = {isa = PBXBuildFile; fileRef = EF2B3E6B2BE2E20000590216 /* Assets.xcassets */; };
		EF2B3E6F2BE2E20000590216 /* LaunchScreen.storyboard in Resources */ = {isa = PBXBuildFile; fileRef = EF2B3E6D2BE2E20000590216 /* LaunchScreen.storyboard */; };
		EF2B3E7A2BE2E20100590216 /* ApplicationTests.swift in Sources */ = {isa = PBXBuildFile; fileRef = EF2B3E792BE2E20100590216 /* ApplicationTests.swift */; };
		EF2B3E842BE2E20100590216 /* ApplicationUITests.swift in Sources */ = {isa = PBXBuildFile; fileRef = EF2B3E832BE2E20100590216 /* ApplicationUITests.swift */; };
		EF2B3E862BE2E20100590216 /* ApplicationUITestsLaunchTests.swift in Sources */ = {isa = PBXBuildFile; fileRef = EF2B3E852BE2E20100590216 /* ApplicationUITestsLaunchTests.swift */; };
		EF2B3E9B2BE2E2F700590216 /* ModuleA.docc in Sources */ = {isa = PBXBuildFile; fileRef = EF2B3E9A2BE2E2F700590216 /* ModuleA.docc */; };
		EF2B3EA12BE2E2F800590216 /* ModuleA.framework in Frameworks */ = {isa = PBXBuildFile; fileRef = EF2B3E972BE2E2F700590216 /* ModuleA.framework */; };
		EF2B3EA82BE2E2F800590216 /* ModuleATests.swift in Sources */ = {isa = PBXBuildFile; fileRef = EF2B3EA72BE2E2F800590216 /* ModuleATests.swift */; };
		EF2B3EA92BE2E2F800590216 /* ModuleA.h in Headers */ = {isa = PBXBuildFile; fileRef = EF2B3E992BE2E2F700590216 /* ModuleA.h */; settings = {ATTRIBUTES = (Public, ); }; };
		EF2B3EAC2BE2E2F800590216 /* ModuleA.framework in Frameworks */ = {isa = PBXBuildFile; fileRef = EF2B3E972BE2E2F700590216 /* ModuleA.framework */; };
		EF2B3EAD2BE2E2F800590216 /* ModuleA.framework in Embed Frameworks */ = {isa = PBXBuildFile; fileRef = EF2B3E972BE2E2F700590216 /* ModuleA.framework */; settings = {ATTRIBUTES = (CodeSignOnCopy, RemoveHeadersOnCopy, ); }; };
		EF2B3EBE2BE2E31A00590216 /* ModuleB.docc in Sources */ = {isa = PBXBuildFile; fileRef = EF2B3EBD2BE2E31A00590216 /* ModuleB.docc */; };
		EF2B3EC42BE2E31A00590216 /* ModuleB.framework in Frameworks */ = {isa = PBXBuildFile; fileRef = EF2B3EBA2BE2E31900590216 /* ModuleB.framework */; };
		EF2B3ECB2BE2E31A00590216 /* ModuleBTests.swift in Sources */ = {isa = PBXBuildFile; fileRef = EF2B3ECA2BE2E31A00590216 /* ModuleBTests.swift */; };
		EF2B3ECC2BE2E31A00590216 /* ModuleB.h in Headers */ = {isa = PBXBuildFile; fileRef = EF2B3EBC2BE2E31A00590216 /* ModuleB.h */; settings = {ATTRIBUTES = (Public, ); }; };
		EF2B3ECF2BE2E31A00590216 /* ModuleB.framework in Frameworks */ = {isa = PBXBuildFile; fileRef = EF2B3EBA2BE2E31900590216 /* ModuleB.framework */; };
		EF2B3ED02BE2E31A00590216 /* ModuleB.framework in Embed Frameworks */ = {isa = PBXBuildFile; fileRef = EF2B3EBA2BE2E31900590216 /* ModuleB.framework */; settings = {ATTRIBUTES = (CodeSignOnCopy, RemoveHeadersOnCopy, ); }; };
		EF2B3ED92BE2E81A00590216 /* View.swift in Sources */ = {isa = PBXBuildFile; fileRef = EF2B3ED82BE2E81A00590216 /* View.swift */; };
		EF2B3EDB2BE2E82A00590216 /* Interactor.swift in Sources */ = {isa = PBXBuildFile; fileRef = EF2B3EDA2BE2E82A00590216 /* Interactor.swift */; };
		EF2B3EDD2BE2E84000590216 /* Presenter.swift in Sources */ = {isa = PBXBuildFile; fileRef = EF2B3EDC2BE2E84000590216 /* Presenter.swift */; };
		EF2B3EDF2BE2E86B00590216 /* Router.swift in Sources */ = {isa = PBXBuildFile; fileRef = EF2B3EDE2BE2E86B00590216 /* Router.swift */; };
		EF2B3EE12BE2E91600590216 /* University.swift in Sources */ = {isa = PBXBuildFile; fileRef = EF2B3EE02BE2E91500590216 /* University.swift */; };
		EF2B3EE32BE2EBFE00590216 /* ListingViewController.swift in Sources */ = {isa = PBXBuildFile; fileRef = EF2B3EE22BE2EBFE00590216 /* ListingViewController.swift */; };
		EF2B3EE52BE2EC0E00590216 /* ListingViewController.storyboard in Resources */ = {isa = PBXBuildFile; fileRef = EF2B3EE42BE2EC0E00590216 /* ListingViewController.storyboard */; };
		EF2B3EEC2BE2F36900590216 /* TableViewCell.xib in Resources */ = {isa = PBXBuildFile; fileRef = EF2B3EEA2BE2F36900590216 /* TableViewCell.xib */; };
		EF2B3EEE2BE2F62B00590216 /* TableViewCell.swift in Sources */ = {isa = PBXBuildFile; fileRef = EF2B3EED2BE2F62B00590216 /* TableViewCell.swift */; };
		EF2B3EF02BE2F7AD00590216 /* Constants.swift in Sources */ = {isa = PBXBuildFile; fileRef = EF2B3EEF2BE2F7AD00590216 /* Constants.swift */; };
		EF2B3EF32BE3005000590216 /* UniversityModel.xcdatamodeld in Sources */ = {isa = PBXBuildFile; fileRef = EF2B3EF12BE3004F00590216 /* UniversityModel.xcdatamodeld */; };
		EF2B3EF52BE311EA00590216 /* CoreDataManager.swift in Sources */ = {isa = PBXBuildFile; fileRef = EF2B3EF42BE311EA00590216 /* CoreDataManager.swift */; };
		EF2B3EFB2BE3176100590216 /* DataManager.swift in Sources */ = {isa = PBXBuildFile; fileRef = EF2B3EFA2BE3176100590216 /* DataManager.swift */; };
		EF2B3EFE2BE37D2100590216 /* DetailsViewController.swift in Sources */ = {isa = PBXBuildFile; fileRef = EF2B3EFD2BE37D2100590216 /* DetailsViewController.swift */; };
		EF2B3F002BE37D2C00590216 /* DetailsViewController.storyboard in Resources */ = {isa = PBXBuildFile; fileRef = EF2B3EFF2BE37D2C00590216 /* DetailsViewController.storyboard */; };
/* End PBXBuildFile section */

/* Begin PBXContainerItemProxy section */
		EF2B3E762BE2E20100590216 /* PBXContainerItemProxy */ = {
			isa = PBXContainerItemProxy;
			containerPortal = EF2B3E542BE2E1F200590216 /* Project object */;
			proxyType = 1;
			remoteGlobalIDString = EF2B3E5B2BE2E1F200590216;
			remoteInfo = Application;
		};
		EF2B3E802BE2E20100590216 /* PBXContainerItemProxy */ = {
			isa = PBXContainerItemProxy;
			containerPortal = EF2B3E542BE2E1F200590216 /* Project object */;
			proxyType = 1;
			remoteGlobalIDString = EF2B3E5B2BE2E1F200590216;
			remoteInfo = Application;
		};
		EF2B3EA22BE2E2F800590216 /* PBXContainerItemProxy */ = {
			isa = PBXContainerItemProxy;
			containerPortal = EF2B3E542BE2E1F200590216 /* Project object */;
			proxyType = 1;
			remoteGlobalIDString = EF2B3E962BE2E2F700590216;
			remoteInfo = ModuleA;
		};
		EF2B3EA42BE2E2F800590216 /* PBXContainerItemProxy */ = {
			isa = PBXContainerItemProxy;
			containerPortal = EF2B3E542BE2E1F200590216 /* Project object */;
			proxyType = 1;
			remoteGlobalIDString = EF2B3E5B2BE2E1F200590216;
			remoteInfo = Application;
		};
		EF2B3EAA2BE2E2F800590216 /* PBXContainerItemProxy */ = {
			isa = PBXContainerItemProxy;
			containerPortal = EF2B3E542BE2E1F200590216 /* Project object */;
			proxyType = 1;
			remoteGlobalIDString = EF2B3E962BE2E2F700590216;
			remoteInfo = ModuleA;
		};
		EF2B3EC52BE2E31A00590216 /* PBXContainerItemProxy */ = {
			isa = PBXContainerItemProxy;
			containerPortal = EF2B3E542BE2E1F200590216 /* Project object */;
			proxyType = 1;
			remoteGlobalIDString = EF2B3EB92BE2E31900590216;
			remoteInfo = ModuleB;
		};
		EF2B3EC72BE2E31A00590216 /* PBXContainerItemProxy */ = {
			isa = PBXContainerItemProxy;
			containerPortal = EF2B3E542BE2E1F200590216 /* Project object */;
			proxyType = 1;
			remoteGlobalIDString = EF2B3E5B2BE2E1F200590216;
			remoteInfo = Application;
		};
		EF2B3ECD2BE2E31A00590216 /* PBXContainerItemProxy */ = {
			isa = PBXContainerItemProxy;
			containerPortal = EF2B3E542BE2E1F200590216 /* Project object */;
			proxyType = 1;
			remoteGlobalIDString = EF2B3EB92BE2E31900590216;
			remoteInfo = ModuleB;
		};
/* End PBXContainerItemProxy section */

/* Begin PBXCopyFilesBuildPhase section */
		EF2B3EB12BE2E2F800590216 /* Embed Frameworks */ = {
			isa = PBXCopyFilesBuildPhase;
			buildActionMask = 2147483647;
			dstPath = "";
			dstSubfolderSpec = 10;
			files = (
				EF2B3EAD2BE2E2F800590216 /* ModuleA.framework in Embed Frameworks */,
				EF2B3ED02BE2E31A00590216 /* ModuleB.framework in Embed Frameworks */,
			);
			name = "Embed Frameworks";
			runOnlyForDeploymentPostprocessing = 0;
		};
/* End PBXCopyFilesBuildPhase section */

/* Begin PBXFileReference section */
		EF2B3E5C2BE2E1F200590216 /* Application.app */ = {isa = PBXFileReference; explicitFileType = wrapper.application; includeInIndex = 0; path = Application.app; sourceTree = BUILT_PRODUCTS_DIR; };
		EF2B3E5F2BE2E1F200590216 /* AppDelegate.swift */ = {isa = PBXFileReference; lastKnownFileType = sourcecode.swift; path = AppDelegate.swift; sourceTree = "<group>"; };
		EF2B3E662BE2E1F200590216 /* Base */ = {isa = PBXFileReference; lastKnownFileType = file.storyboard; name = Base; path = Base.lproj/Main.storyboard; sourceTree = "<group>"; };
		EF2B3E692BE2E1F200590216 /* Application.xcdatamodel */ = {isa = PBXFileReference; lastKnownFileType = wrapper.xcdatamodel; path = Application.xcdatamodel; sourceTree = "<group>"; };
		EF2B3E6B2BE2E20000590216 /* Assets.xcassets */ = {isa = PBXFileReference; lastKnownFileType = folder.assetcatalog; path = Assets.xcassets; sourceTree = "<group>"; };
		EF2B3E6E2BE2E20000590216 /* Base */ = {isa = PBXFileReference; lastKnownFileType = file.storyboard; name = Base; path = Base.lproj/LaunchScreen.storyboard; sourceTree = "<group>"; };
		EF2B3E702BE2E20000590216 /* Info.plist */ = {isa = PBXFileReference; lastKnownFileType = text.plist.xml; path = Info.plist; sourceTree = "<group>"; };
		EF2B3E752BE2E20100590216 /* ApplicationTests.xctest */ = {isa = PBXFileReference; explicitFileType = wrapper.cfbundle; includeInIndex = 0; path = ApplicationTests.xctest; sourceTree = BUILT_PRODUCTS_DIR; };
		EF2B3E792BE2E20100590216 /* ApplicationTests.swift */ = {isa = PBXFileReference; lastKnownFileType = sourcecode.swift; path = ApplicationTests.swift; sourceTree = "<group>"; };
		EF2B3E7F2BE2E20100590216 /* ApplicationUITests.xctest */ = {isa = PBXFileReference; explicitFileType = wrapper.cfbundle; includeInIndex = 0; path = ApplicationUITests.xctest; sourceTree = BUILT_PRODUCTS_DIR; };
		EF2B3E832BE2E20100590216 /* ApplicationUITests.swift */ = {isa = PBXFileReference; lastKnownFileType = sourcecode.swift; path = ApplicationUITests.swift; sourceTree = "<group>"; };
		EF2B3E852BE2E20100590216 /* ApplicationUITestsLaunchTests.swift */ = {isa = PBXFileReference; lastKnownFileType = sourcecode.swift; path = ApplicationUITestsLaunchTests.swift; sourceTree = "<group>"; };
		EF2B3E972BE2E2F700590216 /* ModuleA.framework */ = {isa = PBXFileReference; explicitFileType = wrapper.framework; includeInIndex = 0; path = ModuleA.framework; sourceTree = BUILT_PRODUCTS_DIR; };
		EF2B3E992BE2E2F700590216 /* ModuleA.h */ = {isa = PBXFileReference; lastKnownFileType = sourcecode.c.h; path = ModuleA.h; sourceTree = "<group>"; };
		EF2B3E9A2BE2E2F700590216 /* ModuleA.docc */ = {isa = PBXFileReference; lastKnownFileType = folder.documentationcatalog; path = ModuleA.docc; sourceTree = "<group>"; };
		EF2B3EA02BE2E2F800590216 /* ModuleATests.xctest */ = {isa = PBXFileReference; explicitFileType = wrapper.cfbundle; includeInIndex = 0; path = ModuleATests.xctest; sourceTree = BUILT_PRODUCTS_DIR; };
		EF2B3EA72BE2E2F800590216 /* ModuleATests.swift */ = {isa = PBXFileReference; lastKnownFileType = sourcecode.swift; path = ModuleATests.swift; sourceTree = "<group>"; };
		EF2B3EBA2BE2E31900590216 /* ModuleB.framework */ = {isa = PBXFileReference; explicitFileType = wrapper.framework; includeInIndex = 0; path = ModuleB.framework; sourceTree = BUILT_PRODUCTS_DIR; };
		EF2B3EBC2BE2E31A00590216 /* ModuleB.h */ = {isa = PBXFileReference; lastKnownFileType = sourcecode.c.h; path = ModuleB.h; sourceTree = "<group>"; };
		EF2B3EBD2BE2E31A00590216 /* ModuleB.docc */ = {isa = PBXFileReference; lastKnownFileType = folder.documentationcatalog; path = ModuleB.docc; sourceTree = "<group>"; };
		EF2B3EC32BE2E31A00590216 /* ModuleBTests.xctest */ = {isa = PBXFileReference; explicitFileType = wrapper.cfbundle; includeInIndex = 0; path = ModuleBTests.xctest; sourceTree = BUILT_PRODUCTS_DIR; };
		EF2B3ECA2BE2E31A00590216 /* ModuleBTests.swift */ = {isa = PBXFileReference; lastKnownFileType = sourcecode.swift; path = ModuleBTests.swift; sourceTree = "<group>"; };
		EF2B3ED82BE2E81A00590216 /* View.swift */ = {isa = PBXFileReference; lastKnownFileType = sourcecode.swift; path = View.swift; sourceTree = "<group>"; };
		EF2B3EDA2BE2E82A00590216 /* Interactor.swift */ = {isa = PBXFileReference; lastKnownFileType = sourcecode.swift; path = Interactor.swift; sourceTree = "<group>"; };
		EF2B3EDC2BE2E84000590216 /* Presenter.swift */ = {isa = PBXFileReference; lastKnownFileType = sourcecode.swift; path = Presenter.swift; sourceTree = "<group>"; };
		EF2B3EDE2BE2E86B00590216 /* Router.swift */ = {isa = PBXFileReference; lastKnownFileType = sourcecode.swift; path = Router.swift; sourceTree = "<group>"; };
		EF2B3EE02BE2E91500590216 /* University.swift */ = {isa = PBXFileReference; lastKnownFileType = sourcecode.swift; path = University.swift; sourceTree = "<group>"; };
		EF2B3EE22BE2EBFE00590216 /* ListingViewController.swift */ = {isa = PBXFileReference; lastKnownFileType = sourcecode.swift; path = ListingViewController.swift; sourceTree = "<group>"; };
		EF2B3EE42BE2EC0E00590216 /* ListingViewController.storyboard */ = {isa = PBXFileReference; lastKnownFileType = file.storyboard; path = ListingViewController.storyboard; sourceTree = "<group>"; };
		EF2B3EEA2BE2F36900590216 /* TableViewCell.xib */ = {isa = PBXFileReference; lastKnownFileType = file.xib; path = TableViewCell.xib; sourceTree = "<group>"; };
		EF2B3EED2BE2F62B00590216 /* TableViewCell.swift */ = {isa = PBXFileReference; lastKnownFileType = sourcecode.swift; path = TableViewCell.swift; sourceTree = "<group>"; };
		EF2B3EEF2BE2F7AD00590216 /* Constants.swift */ = {isa = PBXFileReference; lastKnownFileType = sourcecode.swift; path = Constants.swift; sourceTree = "<group>"; };
		EF2B3EF22BE3005000590216 /* University.xcdatamodel */ = {isa = PBXFileReference; lastKnownFileType = wrapper.xcdatamodel; path = University.xcdatamodel; sourceTree = "<group>"; };
		EF2B3EF42BE311EA00590216 /* CoreDataManager.swift */ = {isa = PBXFileReference; lastKnownFileType = sourcecode.swift; path = CoreDataManager.swift; sourceTree = "<group>"; };
		EF2B3EFA2BE3176100590216 /* DataManager.swift */ = {isa = PBXFileReference; lastKnownFileType = sourcecode.swift; path = DataManager.swift; sourceTree = "<group>"; };
		EF2B3EFD2BE37D2100590216 /* DetailsViewController.swift */ = {isa = PBXFileReference; lastKnownFileType = sourcecode.swift; path = DetailsViewController.swift; sourceTree = "<group>"; };
		EF2B3EFF2BE37D2C00590216 /* DetailsViewController.storyboard */ = {isa = PBXFileReference; lastKnownFileType = file.storyboard; path = DetailsViewController.storyboard; sourceTree = "<group>"; };
/* End PBXFileReference section */

/* Begin PBXFrameworksBuildPhase section */
		EF2B3E592BE2E1F200590216 /* Frameworks */ = {
			isa = PBXFrameworksBuildPhase;
			buildActionMask = 2147483647;
			files = (
				EF2B3EAC2BE2E2F800590216 /* ModuleA.framework in Frameworks */,
				EF2B3ECF2BE2E31A00590216 /* ModuleB.framework in Frameworks */,
			);
			runOnlyForDeploymentPostprocessing = 0;
		};
		EF2B3E722BE2E20100590216 /* Frameworks */ = {
			isa = PBXFrameworksBuildPhase;
			buildActionMask = 2147483647;
			files = (
			);
			runOnlyForDeploymentPostprocessing = 0;
		};
		EF2B3E7C2BE2E20100590216 /* Frameworks */ = {
			isa = PBXFrameworksBuildPhase;
			buildActionMask = 2147483647;
			files = (
			);
			runOnlyForDeploymentPostprocessing = 0;
		};
		EF2B3E942BE2E2F700590216 /* Frameworks */ = {
			isa = PBXFrameworksBuildPhase;
			buildActionMask = 2147483647;
			files = (
			);
			runOnlyForDeploymentPostprocessing = 0;
		};
		EF2B3E9D2BE2E2F800590216 /* Frameworks */ = {
			isa = PBXFrameworksBuildPhase;
			buildActionMask = 2147483647;
			files = (
				EF2B3EA12BE2E2F800590216 /* ModuleA.framework in Frameworks */,
			);
			runOnlyForDeploymentPostprocessing = 0;
		};
		EF2B3EB72BE2E31900590216 /* Frameworks */ = {
			isa = PBXFrameworksBuildPhase;
			buildActionMask = 2147483647;
			files = (
			);
			runOnlyForDeploymentPostprocessing = 0;
		};
		EF2B3EC02BE2E31A00590216 /* Frameworks */ = {
			isa = PBXFrameworksBuildPhase;
			buildActionMask = 2147483647;
			files = (
				EF2B3EC42BE2E31A00590216 /* ModuleB.framework in Frameworks */,
			);
			runOnlyForDeploymentPostprocessing = 0;
		};
/* End PBXFrameworksBuildPhase section */

/* Begin PBXGroup section */
		EF2B3E532BE2E1F200590216 = {
			isa = PBXGroup;
			children = (
				EF2B3E5E2BE2E1F200590216 /* Application */,
				EF2B3E782BE2E20100590216 /* ApplicationTests */,
				EF2B3E822BE2E20100590216 /* ApplicationUITests */,
				EF2B3E982BE2E2F700590216 /* ModuleA */,
				EF2B3EA62BE2E2F800590216 /* ModuleATests */,
				EF2B3EBB2BE2E31900590216 /* ModuleB */,
				EF2B3EC92BE2E31A00590216 /* ModuleBTests */,
				EF2B3E5D2BE2E1F200590216 /* Products */,
			);
			sourceTree = "<group>";
		};
		EF2B3E5D2BE2E1F200590216 /* Products */ = {
			isa = PBXGroup;
			children = (
				EF2B3E5C2BE2E1F200590216 /* Application.app */,
				EF2B3E752BE2E20100590216 /* ApplicationTests.xctest */,
				EF2B3E7F2BE2E20100590216 /* ApplicationUITests.xctest */,
				EF2B3E972BE2E2F700590216 /* ModuleA.framework */,
				EF2B3EA02BE2E2F800590216 /* ModuleATests.xctest */,
				EF2B3EBA2BE2E31900590216 /* ModuleB.framework */,
				EF2B3EC32BE2E31A00590216 /* ModuleBTests.xctest */,
			);
			name = Products;
			sourceTree = "<group>";
		};
		EF2B3E5E2BE2E1F200590216 /* Application */ = {
			isa = PBXGroup;
			children = (
				EF2B3E5F2BE2E1F200590216 /* AppDelegate.swift */,
				EF2B3E652BE2E1F200590216 /* Main.storyboard */,
				EF2B3E6B2BE2E20000590216 /* Assets.xcassets */,
				EF2B3E6D2BE2E20000590216 /* LaunchScreen.storyboard */,
				EF2B3E702BE2E20000590216 /* Info.plist */,
				EF2B3E682BE2E1F200590216 /* Application.xcdatamodeld */,
			);
			path = Application;
			sourceTree = "<group>";
		};
		EF2B3E782BE2E20100590216 /* ApplicationTests */ = {
			isa = PBXGroup;
			children = (
				EF2B3E792BE2E20100590216 /* ApplicationTests.swift */,
			);
			path = ApplicationTests;
			sourceTree = "<group>";
		};
		EF2B3E822BE2E20100590216 /* ApplicationUITests */ = {
			isa = PBXGroup;
			children = (
				EF2B3E832BE2E20100590216 /* ApplicationUITests.swift */,
				EF2B3E852BE2E20100590216 /* ApplicationUITestsLaunchTests.swift */,
			);
			path = ApplicationUITests;
			sourceTree = "<group>";
		};
		EF2B3E982BE2E2F700590216 /* ModuleA */ = {
			isa = PBXGroup;
			children = (
				EF2B3E992BE2E2F700590216 /* ModuleA.h */,
				EF2B3E9A2BE2E2F700590216 /* ModuleA.docc */,
				EF2B3ED82BE2E81A00590216 /* View.swift */,
				EF2B3EDA2BE2E82A00590216 /* Interactor.swift */,
				EF2B3EDC2BE2E84000590216 /* Presenter.swift */,
				EF2B3EDE2BE2E86B00590216 /* Router.swift */,
				EF2B3EE02BE2E91500590216 /* University.swift */,
				EF2B3EEF2BE2F7AD00590216 /* Constants.swift */,
				EF2B3EFA2BE3176100590216 /* DataManager.swift */,
				EF2B3EF42BE311EA00590216 /* CoreDataManager.swift */,
				EF2B3ED72BE2E79C00590216 /* ListingViewController */,
				EF2B3EF12BE3004F00590216 /* UniversityModel.xcdatamodeld */,
			);
			path = ModuleA;
			sourceTree = "<group>";
		};
		EF2B3EA62BE2E2F800590216 /* ModuleATests */ = {
			isa = PBXGroup;
			children = (
				EF2B3EA72BE2E2F800590216 /* ModuleATests.swift */,
			);
			path = ModuleATests;
			sourceTree = "<group>";
		};
		EF2B3EBB2BE2E31900590216 /* ModuleB */ = {
			isa = PBXGroup;
			children = (
				EF2B3EFC2BE37CF400590216 /* DetailsViewController */,
				EF2B3EBC2BE2E31A00590216 /* ModuleB.h */,
				EF2B3EBD2BE2E31A00590216 /* ModuleB.docc */,
			);
			path = ModuleB;
			sourceTree = "<group>";
		};
		EF2B3EC92BE2E31A00590216 /* ModuleBTests */ = {
			isa = PBXGroup;
			children = (
				EF2B3ECA2BE2E31A00590216 /* ModuleBTests.swift */,
			);
			path = ModuleBTests;
			sourceTree = "<group>";
		};
		EF2B3ED72BE2E79C00590216 /* ListingViewController */ = {
			isa = PBXGroup;
			children = (
				EF2B3EE62BE2F31000590216 /* TableViewCell */,
				EF2B3EE22BE2EBFE00590216 /* ListingViewController.swift */,
				EF2B3EE42BE2EC0E00590216 /* ListingViewController.storyboard */,
			);
			path = ListingViewController;
			sourceTree = "<group>";
		};
		EF2B3EE62BE2F31000590216 /* TableViewCell */ = {
			isa = PBXGroup;
			children = (
				EF2B3EEA2BE2F36900590216 /* TableViewCell.xib */,
				EF2B3EED2BE2F62B00590216 /* TableViewCell.swift */,
			);
			path = TableViewCell;
			sourceTree = "<group>";
		};
		EF2B3EFC2BE37CF400590216 /* DetailsViewController */ = {
			isa = PBXGroup;
			children = (
				EF2B3EFD2BE37D2100590216 /* DetailsViewController.swift */,
				EF2B3EFF2BE37D2C00590216 /* DetailsViewController.storyboard */,
			);
			path = DetailsViewController;
			sourceTree = "<group>";
		};
/* End PBXGroup section */

/* Begin PBXHeadersBuildPhase section */
		EF2B3E922BE2E2F700590216 /* Headers */ = {
			isa = PBXHeadersBuildPhase;
			buildActionMask = 2147483647;
			files = (
				EF2B3EA92BE2E2F800590216 /* ModuleA.h in Headers */,
			);
			runOnlyForDeploymentPostprocessing = 0;
		};
		EF2B3EB52BE2E31900590216 /* Headers */ = {
			isa = PBXHeadersBuildPhase;
			buildActionMask = 2147483647;
			files = (
				EF2B3ECC2BE2E31A00590216 /* ModuleB.h in Headers */,
			);
			runOnlyForDeploymentPostprocessing = 0;
		};
/* End PBXHeadersBuildPhase section */

/* Begin PBXNativeTarget section */
		EF2B3E5B2BE2E1F200590216 /* Application */ = {
			isa = PBXNativeTarget;
			buildConfigurationList = EF2B3E892BE2E20100590216 /* Build configuration list for PBXNativeTarget "Application" */;
			buildPhases = (
				EF2B3E582BE2E1F200590216 /* Sources */,
				EF2B3E592BE2E1F200590216 /* Frameworks */,
				EF2B3E5A2BE2E1F200590216 /* Resources */,
				EF2B3EB12BE2E2F800590216 /* Embed Frameworks */,
			);
			buildRules = (
			);
			dependencies = (
				EF2B3EAB2BE2E2F800590216 /* PBXTargetDependency */,
				EF2B3ECE2BE2E31A00590216 /* PBXTargetDependency */,
			);
			name = Application;
			productName = Application;
			productReference = EF2B3E5C2BE2E1F200590216 /* Application.app */;
			productType = "com.apple.product-type.application";
		};
		EF2B3E742BE2E20100590216 /* ApplicationTests */ = {
			isa = PBXNativeTarget;
			buildConfigurationList = EF2B3E8C2BE2E20100590216 /* Build configuration list for PBXNativeTarget "ApplicationTests" */;
			buildPhases = (
				EF2B3E712BE2E20100590216 /* Sources */,
				EF2B3E722BE2E20100590216 /* Frameworks */,
				EF2B3E732BE2E20100590216 /* Resources */,
			);
			buildRules = (
			);
			dependencies = (
				EF2B3E772BE2E20100590216 /* PBXTargetDependency */,
			);
			name = ApplicationTests;
			productName = ApplicationTests;
			productReference = EF2B3E752BE2E20100590216 /* ApplicationTests.xctest */;
			productType = "com.apple.product-type.bundle.unit-test";
		};
		EF2B3E7E2BE2E20100590216 /* ApplicationUITests */ = {
			isa = PBXNativeTarget;
			buildConfigurationList = EF2B3E8F2BE2E20100590216 /* Build configuration list for PBXNativeTarget "ApplicationUITests" */;
			buildPhases = (
				EF2B3E7B2BE2E20100590216 /* Sources */,
				EF2B3E7C2BE2E20100590216 /* Frameworks */,
				EF2B3E7D2BE2E20100590216 /* Resources */,
			);
			buildRules = (
			);
			dependencies = (
				EF2B3E812BE2E20100590216 /* PBXTargetDependency */,
			);
			name = ApplicationUITests;
			productName = ApplicationUITests;
			productReference = EF2B3E7F2BE2E20100590216 /* ApplicationUITests.xctest */;
			productType = "com.apple.product-type.bundle.ui-testing";
		};
		EF2B3E962BE2E2F700590216 /* ModuleA */ = {
			isa = PBXNativeTarget;
			buildConfigurationList = EF2B3EAE2BE2E2F800590216 /* Build configuration list for PBXNativeTarget "ModuleA" */;
			buildPhases = (
				EF2B3E922BE2E2F700590216 /* Headers */,
				EF2B3E932BE2E2F700590216 /* Sources */,
				EF2B3E942BE2E2F700590216 /* Frameworks */,
				EF2B3E952BE2E2F700590216 /* Resources */,
			);
			buildRules = (
			);
			dependencies = (
			);
			name = ModuleA;
			productName = ModuleA;
			productReference = EF2B3E972BE2E2F700590216 /* ModuleA.framework */;
			productType = "com.apple.product-type.framework";
		};
		EF2B3E9F2BE2E2F800590216 /* ModuleATests */ = {
			isa = PBXNativeTarget;
			buildConfigurationList = EF2B3EB22BE2E2F800590216 /* Build configuration list for PBXNativeTarget "ModuleATests" */;
			buildPhases = (
				EF2B3E9C2BE2E2F800590216 /* Sources */,
				EF2B3E9D2BE2E2F800590216 /* Frameworks */,
				EF2B3E9E2BE2E2F800590216 /* Resources */,
			);
			buildRules = (
			);
			dependencies = (
				EF2B3EA32BE2E2F800590216 /* PBXTargetDependency */,
				EF2B3EA52BE2E2F800590216 /* PBXTargetDependency */,
			);
			name = ModuleATests;
			productName = ModuleATests;
			productReference = EF2B3EA02BE2E2F800590216 /* ModuleATests.xctest */;
			productType = "com.apple.product-type.bundle.unit-test";
		};
		EF2B3EB92BE2E31900590216 /* ModuleB */ = {
			isa = PBXNativeTarget;
			buildConfigurationList = EF2B3ED12BE2E31A00590216 /* Build configuration list for PBXNativeTarget "ModuleB" */;
			buildPhases = (
				EF2B3EB52BE2E31900590216 /* Headers */,
				EF2B3EB62BE2E31900590216 /* Sources */,
				EF2B3EB72BE2E31900590216 /* Frameworks */,
				EF2B3EB82BE2E31900590216 /* Resources */,
			);
			buildRules = (
			);
			dependencies = (
			);
			name = ModuleB;
			productName = ModuleB;
			productReference = EF2B3EBA2BE2E31900590216 /* ModuleB.framework */;
			productType = "com.apple.product-type.framework";
		};
		EF2B3EC22BE2E31A00590216 /* ModuleBTests */ = {
			isa = PBXNativeTarget;
			buildConfigurationList = EF2B3ED42BE2E31A00590216 /* Build configuration list for PBXNativeTarget "ModuleBTests" */;
			buildPhases = (
				EF2B3EBF2BE2E31A00590216 /* Sources */,
				EF2B3EC02BE2E31A00590216 /* Frameworks */,
				EF2B3EC12BE2E31A00590216 /* Resources */,
			);
			buildRules = (
			);
			dependencies = (
				EF2B3EC62BE2E31A00590216 /* PBXTargetDependency */,
				EF2B3EC82BE2E31A00590216 /* PBXTargetDependency */,
			);
			name = ModuleBTests;
			productName = ModuleBTests;
			productReference = EF2B3EC32BE2E31A00590216 /* ModuleBTests.xctest */;
			productType = "com.apple.product-type.bundle.unit-test";
		};
/* End PBXNativeTarget section */

/* Begin PBXProject section */
		EF2B3E542BE2E1F200590216 /* Project object */ = {
			isa = PBXProject;
			attributes = {
				BuildIndependentTargetsInParallel = 1;
				LastSwiftUpdateCheck = 1520;
				LastUpgradeCheck = 1520;
				TargetAttributes = {
					EF2B3E5B2BE2E1F200590216 = {
						CreatedOnToolsVersion = 15.2;
					};
					EF2B3E742BE2E20100590216 = {
						CreatedOnToolsVersion = 15.2;
						TestTargetID = EF2B3E5B2BE2E1F200590216;
					};
					EF2B3E7E2BE2E20100590216 = {
						CreatedOnToolsVersion = 15.2;
						TestTargetID = EF2B3E5B2BE2E1F200590216;
					};
					EF2B3E962BE2E2F700590216 = {
						CreatedOnToolsVersion = 15.2;
					};
					EF2B3E9F2BE2E2F800590216 = {
						CreatedOnToolsVersion = 15.2;
						TestTargetID = EF2B3E5B2BE2E1F200590216;
					};
					EF2B3EB92BE2E31900590216 = {
						CreatedOnToolsVersion = 15.2;
					};
					EF2B3EC22BE2E31A00590216 = {
						CreatedOnToolsVersion = 15.2;
						TestTargetID = EF2B3E5B2BE2E1F200590216;
					};
				};
			};
			buildConfigurationList = EF2B3E572BE2E1F200590216 /* Build configuration list for PBXProject "Application" */;
			compatibilityVersion = "Xcode 14.0";
			developmentRegion = en;
			hasScannedForEncodings = 0;
			knownRegions = (
				en,
				Base,
			);
			mainGroup = EF2B3E532BE2E1F200590216;
			productRefGroup = EF2B3E5D2BE2E1F200590216 /* Products */;
			projectDirPath = "";
			projectRoot = "";
			targets = (
				EF2B3E5B2BE2E1F200590216 /* Application */,
				EF2B3E742BE2E20100590216 /* ApplicationTests */,
				EF2B3E7E2BE2E20100590216 /* ApplicationUITests */,
				EF2B3E962BE2E2F700590216 /* ModuleA */,
				EF2B3E9F2BE2E2F800590216 /* ModuleATests */,
				EF2B3EB92BE2E31900590216 /* ModuleB */,
				EF2B3EC22BE2E31A00590216 /* ModuleBTests */,
			);
		};
/* End PBXProject section */

/* Begin PBXResourcesBuildPhase section */
		EF2B3E5A2BE2E1F200590216 /* Resources */ = {
			isa = PBXResourcesBuildPhase;
			buildActionMask = 2147483647;
			files = (
				EF2B3E6F2BE2E20000590216 /* LaunchScreen.storyboard in Resources */,
				EF2B3E6C2BE2E20000590216 /* Assets.xcassets in Resources */,
				EF2B3E672BE2E1F200590216 /* Main.storyboard in Resources */,
			);
			runOnlyForDeploymentPostprocessing = 0;
		};
		EF2B3E732BE2E20100590216 /* Resources */ = {
			isa = PBXResourcesBuildPhase;
			buildActionMask = 2147483647;
			files = (
			);
			runOnlyForDeploymentPostprocessing = 0;
		};
		EF2B3E7D2BE2E20100590216 /* Resources */ = {
			isa = PBXResourcesBuildPhase;
			buildActionMask = 2147483647;
			files = (
			);
			runOnlyForDeploymentPostprocessing = 0;
		};
		EF2B3E952BE2E2F700590216 /* Resources */ = {
			isa = PBXResourcesBuildPhase;
			buildActionMask = 2147483647;
			files = (
				EF2B3EE52BE2EC0E00590216 /* ListingViewController.storyboard in Resources */,
				EF2B3EEC2BE2F36900590216 /* TableViewCell.xib in Resources */,
			);
			runOnlyForDeploymentPostprocessing = 0;
		};
		EF2B3E9E2BE2E2F800590216 /* Resources */ = {
			isa = PBXResourcesBuildPhase;
			buildActionMask = 2147483647;
			files = (
			);
			runOnlyForDeploymentPostprocessing = 0;
		};
		EF2B3EB82BE2E31900590216 /* Resources */ = {
			isa = PBXResourcesBuildPhase;
			buildActionMask = 2147483647;
			files = (
				EF2B3F002BE37D2C00590216 /* DetailsViewController.storyboard in Resources */,
			);
			runOnlyForDeploymentPostprocessing = 0;
		};
		EF2B3EC12BE2E31A00590216 /* Resources */ = {
			isa = PBXResourcesBuildPhase;
			buildActionMask = 2147483647;
			files = (
			);
			runOnlyForDeploymentPostprocessing = 0;
		};
/* End PBXResourcesBuildPhase section */

/* Begin PBXSourcesBuildPhase section */
		EF2B3E582BE2E1F200590216 /* Sources */ = {
			isa = PBXSourcesBuildPhase;
			buildActionMask = 2147483647;
			files = (
				EF2B3E6A2BE2E1F200590216 /* Application.xcdatamodeld in Sources */,
				EF2B3E602BE2E1F200590216 /* AppDelegate.swift in Sources */,
			);
			runOnlyForDeploymentPostprocessing = 0;
		};
		EF2B3E712BE2E20100590216 /* Sources */ = {
			isa = PBXSourcesBuildPhase;
			buildActionMask = 2147483647;
			files = (
				EF2B3E7A2BE2E20100590216 /* ApplicationTests.swift in Sources */,
			);
			runOnlyForDeploymentPostprocessing = 0;
		};
		EF2B3E7B2BE2E20100590216 /* Sources */ = {
			isa = PBXSourcesBuildPhase;
			buildActionMask = 2147483647;
			files = (
				EF2B3E842BE2E20100590216 /* ApplicationUITests.swift in Sources */,
				EF2B3E862BE2E20100590216 /* ApplicationUITestsLaunchTests.swift in Sources */,
			);
			runOnlyForDeploymentPostprocessing = 0;
		};
		EF2B3E932BE2E2F700590216 /* Sources */ = {
			isa = PBXSourcesBuildPhase;
			buildActionMask = 2147483647;
			files = (
				EF2B3EDB2BE2E82A00590216 /* Interactor.swift in Sources */,
				EF2B3EFB2BE3176100590216 /* DataManager.swift in Sources */,
				EF2B3EEE2BE2F62B00590216 /* TableViewCell.swift in Sources */,
				EF2B3ED92BE2E81A00590216 /* View.swift in Sources */,
				EF2B3EDF2BE2E86B00590216 /* Router.swift in Sources */,
				EF2B3EDD2BE2E84000590216 /* Presenter.swift in Sources */,
				EF2B3EE32BE2EBFE00590216 /* ListingViewController.swift in Sources */,
				EF2B3E9B2BE2E2F700590216 /* ModuleA.docc in Sources */,
				EF2B3EE12BE2E91600590216 /* University.swift in Sources */,
				EF2B3EF02BE2F7AD00590216 /* Constants.swift in Sources */,
				EF2B3EF32BE3005000590216 /* UniversityModel.xcdatamodeld in Sources */,
				EF2B3EF52BE311EA00590216 /* CoreDataManager.swift in Sources */,
			);
			runOnlyForDeploymentPostprocessing = 0;
		};
		EF2B3E9C2BE2E2F800590216 /* Sources */ = {
			isa = PBXSourcesBuildPhase;
			buildActionMask = 2147483647;
			files = (
				EF2B3EA82BE2E2F800590216 /* ModuleATests.swift in Sources */,
			);
			runOnlyForDeploymentPostprocessing = 0;
		};
		EF2B3EB62BE2E31900590216 /* Sources */ = {
			isa = PBXSourcesBuildPhase;
			buildActionMask = 2147483647;
			files = (
				EF2B3EBE2BE2E31A00590216 /* ModuleB.docc in Sources */,
				EF2B3EFE2BE37D2100590216 /* DetailsViewController.swift in Sources */,
			);
			runOnlyForDeploymentPostprocessing = 0;
		};
		EF2B3EBF2BE2E31A00590216 /* Sources */ = {
			isa = PBXSourcesBuildPhase;
			buildActionMask = 2147483647;
			files = (
				EF2B3ECB2BE2E31A00590216 /* ModuleBTests.swift in Sources */,
			);
			runOnlyForDeploymentPostprocessing = 0;
		};
/* End PBXSourcesBuildPhase section */

/* Begin PBXTargetDependency section */
		EF2B3E772BE2E20100590216 /* PBXTargetDependency */ = {
			isa = PBXTargetDependency;
			target = EF2B3E5B2BE2E1F200590216 /* Application */;
			targetProxy = EF2B3E762BE2E20100590216 /* PBXContainerItemProxy */;
		};
		EF2B3E812BE2E20100590216 /* PBXTargetDependency */ = {
			isa = PBXTargetDependency;
			target = EF2B3E5B2BE2E1F200590216 /* Application */;
			targetProxy = EF2B3E802BE2E20100590216 /* PBXContainerItemProxy */;
		};
		EF2B3EA32BE2E2F800590216 /* PBXTargetDependency */ = {
			isa = PBXTargetDependency;
			target = EF2B3E962BE2E2F700590216 /* ModuleA */;
			targetProxy = EF2B3EA22BE2E2F800590216 /* PBXContainerItemProxy */;
		};
		EF2B3EA52BE2E2F800590216 /* PBXTargetDependency */ = {
			isa = PBXTargetDependency;
			target = EF2B3E5B2BE2E1F200590216 /* Application */;
			targetProxy = EF2B3EA42BE2E2F800590216 /* PBXContainerItemProxy */;
		};
		EF2B3EAB2BE2E2F800590216 /* PBXTargetDependency */ = {
			isa = PBXTargetDependency;
			target = EF2B3E962BE2E2F700590216 /* ModuleA */;
			targetProxy = EF2B3EAA2BE2E2F800590216 /* PBXContainerItemProxy */;
		};
		EF2B3EC62BE2E31A00590216 /* PBXTargetDependency */ = {
			isa = PBXTargetDependency;
			target = EF2B3EB92BE2E31900590216 /* ModuleB */;
			targetProxy = EF2B3EC52BE2E31A00590216 /* PBXContainerItemProxy */;
		};
		EF2B3EC82BE2E31A00590216 /* PBXTargetDependency */ = {
			isa = PBXTargetDependency;
			target = EF2B3E5B2BE2E1F200590216 /* Application */;
			targetProxy = EF2B3EC72BE2E31A00590216 /* PBXContainerItemProxy */;
		};
		EF2B3ECE2BE2E31A00590216 /* PBXTargetDependency */ = {
			isa = PBXTargetDependency;
			target = EF2B3EB92BE2E31900590216 /* ModuleB */;
			targetProxy = EF2B3ECD2BE2E31A00590216 /* PBXContainerItemProxy */;
		};
/* End PBXTargetDependency section */

/* Begin PBXVariantGroup section */
		EF2B3E652BE2E1F200590216 /* Main.storyboard */ = {
			isa = PBXVariantGroup;
			children = (
				EF2B3E662BE2E1F200590216 /* Base */,
			);
			name = Main.storyboard;
			sourceTree = "<group>";
		};
		EF2B3E6D2BE2E20000590216 /* LaunchScreen.storyboard */ = {
			isa = PBXVariantGroup;
			children = (
				EF2B3E6E2BE2E20000590216 /* Base */,
			);
			name = LaunchScreen.storyboard;
			sourceTree = "<group>";
		};
/* End PBXVariantGroup section */

/* Begin XCBuildConfiguration section */
		EF2B3E872BE2E20100590216 /* Debug */ = {
			isa = XCBuildConfiguration;
			buildSettings = {
				ALWAYS_SEARCH_USER_PATHS = NO;
				ASSETCATALOG_COMPILER_GENERATE_SWIFT_ASSET_SYMBOL_EXTENSIONS = YES;
				CLANG_ANALYZER_NONNULL = YES;
				CLANG_ANALYZER_NUMBER_OBJECT_CONVERSION = YES_AGGRESSIVE;
				CLANG_CXX_LANGUAGE_STANDARD = "gnu++20";
				CLANG_ENABLE_MODULES = YES;
				CLANG_ENABLE_OBJC_ARC = YES;
				CLANG_ENABLE_OBJC_WEAK = YES;
				CLANG_WARN_BLOCK_CAPTURE_AUTORELEASING = YES;
				CLANG_WARN_BOOL_CONVERSION = YES;
				CLANG_WARN_COMMA = YES;
				CLANG_WARN_CONSTANT_CONVERSION = YES;
				CLANG_WARN_DEPRECATED_OBJC_IMPLEMENTATIONS = YES;
				CLANG_WARN_DIRECT_OBJC_ISA_USAGE = YES_ERROR;
				CLANG_WARN_DOCUMENTATION_COMMENTS = YES;
				CLANG_WARN_EMPTY_BODY = YES;
				CLANG_WARN_ENUM_CONVERSION = YES;
				CLANG_WARN_INFINITE_RECURSION = YES;
				CLANG_WARN_INT_CONVERSION = YES;
				CLANG_WARN_NON_LITERAL_NULL_CONVERSION = YES;
				CLANG_WARN_OBJC_IMPLICIT_RETAIN_SELF = YES;
				CLANG_WARN_OBJC_LITERAL_CONVERSION = YES;
				CLANG_WARN_OBJC_ROOT_CLASS = YES_ERROR;
				CLANG_WARN_QUOTED_INCLUDE_IN_FRAMEWORK_HEADER = YES;
				CLANG_WARN_RANGE_LOOP_ANALYSIS = YES;
				CLANG_WARN_STRICT_PROTOTYPES = YES;
				CLANG_WARN_SUSPICIOUS_MOVE = YES;
				CLANG_WARN_UNGUARDED_AVAILABILITY = YES_AGGRESSIVE;
				CLANG_WARN_UNREACHABLE_CODE = YES;
				CLANG_WARN__DUPLICATE_METHOD_MATCH = YES;
				COPY_PHASE_STRIP = NO;
				DEBUG_INFORMATION_FORMAT = dwarf;
				ENABLE_STRICT_OBJC_MSGSEND = YES;
				ENABLE_TESTABILITY = YES;
				ENABLE_USER_SCRIPT_SANDBOXING = YES;
				GCC_C_LANGUAGE_STANDARD = gnu17;
				GCC_DYNAMIC_NO_PIC = NO;
				GCC_NO_COMMON_BLOCKS = YES;
				GCC_OPTIMIZATION_LEVEL = 0;
				GCC_PREPROCESSOR_DEFINITIONS = (
					"DEBUG=1",
					"$(inherited)",
				);
				GCC_WARN_64_TO_32_BIT_CONVERSION = YES;
				GCC_WARN_ABOUT_RETURN_TYPE = YES_ERROR;
				GCC_WARN_UNDECLARED_SELECTOR = YES;
				GCC_WARN_UNINITIALIZED_AUTOS = YES_AGGRESSIVE;
				GCC_WARN_UNUSED_FUNCTION = YES;
				GCC_WARN_UNUSED_VARIABLE = YES;
				IPHONEOS_DEPLOYMENT_TARGET = 17.2;
				LOCALIZATION_PREFERS_STRING_CATALOGS = YES;
				MTL_ENABLE_DEBUG_INFO = INCLUDE_SOURCE;
				MTL_FAST_MATH = YES;
				ONLY_ACTIVE_ARCH = YES;
				SDKROOT = iphoneos;
				SWIFT_ACTIVE_COMPILATION_CONDITIONS = "DEBUG $(inherited)";
				SWIFT_OPTIMIZATION_LEVEL = "-Onone";
			};
			name = Debug;
		};
		EF2B3E882BE2E20100590216 /* Release */ = {
			isa = XCBuildConfiguration;
			buildSettings = {
				ALWAYS_SEARCH_USER_PATHS = NO;
				ASSETCATALOG_COMPILER_GENERATE_SWIFT_ASSET_SYMBOL_EXTENSIONS = YES;
				CLANG_ANALYZER_NONNULL = YES;
				CLANG_ANALYZER_NUMBER_OBJECT_CONVERSION = YES_AGGRESSIVE;
				CLANG_CXX_LANGUAGE_STANDARD = "gnu++20";
				CLANG_ENABLE_MODULES = YES;
				CLANG_ENABLE_OBJC_ARC = YES;
				CLANG_ENABLE_OBJC_WEAK = YES;
				CLANG_WARN_BLOCK_CAPTURE_AUTORELEASING = YES;
				CLANG_WARN_BOOL_CONVERSION = YES;
				CLANG_WARN_COMMA = YES;
				CLANG_WARN_CONSTANT_CONVERSION = YES;
				CLANG_WARN_DEPRECATED_OBJC_IMPLEMENTATIONS = YES;
				CLANG_WARN_DIRECT_OBJC_ISA_USAGE = YES_ERROR;
				CLANG_WARN_DOCUMENTATION_COMMENTS = YES;
				CLANG_WARN_EMPTY_BODY = YES;
				CLANG_WARN_ENUM_CONVERSION = YES;
				CLANG_WARN_INFINITE_RECURSION = YES;
				CLANG_WARN_INT_CONVERSION = YES;
				CLANG_WARN_NON_LITERAL_NULL_CONVERSION = YES;
				CLANG_WARN_OBJC_IMPLICIT_RETAIN_SELF = YES;
				CLANG_WARN_OBJC_LITERAL_CONVERSION = YES;
				CLANG_WARN_OBJC_ROOT_CLASS = YES_ERROR;
				CLANG_WARN_QUOTED_INCLUDE_IN_FRAMEWORK_HEADER = YES;
				CLANG_WARN_RANGE_LOOP_ANALYSIS = YES;
				CLANG_WARN_STRICT_PROTOTYPES = YES;
				CLANG_WARN_SUSPICIOUS_MOVE = YES;
				CLANG_WARN_UNGUARDED_AVAILABILITY = YES_AGGRESSIVE;
				CLANG_WARN_UNREACHABLE_CODE = YES;
				CLANG_WARN__DUPLICATE_METHOD_MATCH = YES;
				COPY_PHASE_STRIP = NO;
				DEBUG_INFORMATION_FORMAT = "dwarf-with-dsym";
				ENABLE_NS_ASSERTIONS = NO;
				ENABLE_STRICT_OBJC_MSGSEND = YES;
				ENABLE_USER_SCRIPT_SANDBOXING = YES;
				GCC_C_LANGUAGE_STANDARD = gnu17;
				GCC_NO_COMMON_BLOCKS = YES;
				GCC_WARN_64_TO_32_BIT_CONVERSION = YES;
				GCC_WARN_ABOUT_RETURN_TYPE = YES_ERROR;
				GCC_WARN_UNDECLARED_SELECTOR = YES;
				GCC_WARN_UNINITIALIZED_AUTOS = YES_AGGRESSIVE;
				GCC_WARN_UNUSED_FUNCTION = YES;
				GCC_WARN_UNUSED_VARIABLE = YES;
				IPHONEOS_DEPLOYMENT_TARGET = 17.2;
				LOCALIZATION_PREFERS_STRING_CATALOGS = YES;
				MTL_ENABLE_DEBUG_INFO = NO;
				MTL_FAST_MATH = YES;
				SDKROOT = iphoneos;
				SWIFT_COMPILATION_MODE = wholemodule;
				VALIDATE_PRODUCT = YES;
			};
			name = Release;
		};
		EF2B3E8A2BE2E20100590216 /* Debug */ = {
			isa = XCBuildConfiguration;
			buildSettings = {
				ALWAYS_EMBED_SWIFT_STANDARD_LIBRARIES = YES;
				ASSETCATALOG_COMPILER_APPICON_NAME = AppIcon;
				ASSETCATALOG_COMPILER_GLOBAL_ACCENT_COLOR_NAME = AccentColor;
				CODE_SIGN_STYLE = Automatic;
				CURRENT_PROJECT_VERSION = 1;
				DEVELOPMENT_TEAM = XVPZ66P689;
				GENERATE_INFOPLIST_FILE = YES;
				INFOPLIST_FILE = Application/Info.plist;
				INFOPLIST_KEY_UIApplicationSupportsIndirectInputEvents = YES;
				INFOPLIST_KEY_UILaunchStoryboardName = LaunchScreen;
				INFOPLIST_KEY_UIMainStoryboardFile = Main;
				INFOPLIST_KEY_UISupportedInterfaceOrientations_iPad = "UIInterfaceOrientationPortrait UIInterfaceOrientationPortraitUpsideDown UIInterfaceOrientationLandscapeLeft UIInterfaceOrientationLandscapeRight";
				INFOPLIST_KEY_UISupportedInterfaceOrientations_iPhone = "UIInterfaceOrientationPortrait UIInterfaceOrientationLandscapeLeft UIInterfaceOrientationLandscapeRight";
				LD_RUNPATH_SEARCH_PATHS = (
					"$(inherited)",
					"@executable_path/Frameworks",
				);
				MARKETING_VERSION = 1.0;
				PRODUCT_BUNDLE_IDENTIFIER = com.Yasser.Application;
				PRODUCT_NAME = "$(TARGET_NAME)";
				SWIFT_EMIT_LOC_STRINGS = YES;
				SWIFT_VERSION = 5.0;
				TARGETED_DEVICE_FAMILY = "1,2";
			};
			name = Debug;
		};
		EF2B3E8B2BE2E20100590216 /* Release */ = {
			isa = XCBuildConfiguration;
			buildSettings = {
				ALWAYS_EMBED_SWIFT_STANDARD_LIBRARIES = YES;
				ASSETCATALOG_COMPILER_APPICON_NAME = AppIcon;
				ASSETCATALOG_COMPILER_GLOBAL_ACCENT_COLOR_NAME = AccentColor;
				CODE_SIGN_STYLE = Automatic;
				CURRENT_PROJECT_VERSION = 1;
				DEVELOPMENT_TEAM = XVPZ66P689;
				GENERATE_INFOPLIST_FILE = YES;
				INFOPLIST_FILE = Application/Info.plist;
				INFOPLIST_KEY_UIApplicationSupportsIndirectInputEvents = YES;
				INFOPLIST_KEY_UILaunchStoryboardName = LaunchScreen;
				INFOPLIST_KEY_UIMainStoryboardFile = Main;
				INFOPLIST_KEY_UISupportedInterfaceOrientations_iPad = "UIInterfaceOrientationPortrait UIInterfaceOrientationPortraitUpsideDown UIInterfaceOrientationLandscapeLeft UIInterfaceOrientationLandscapeRight";
				INFOPLIST_KEY_UISupportedInterfaceOrientations_iPhone = "UIInterfaceOrientationPortrait UIInterfaceOrientationLandscapeLeft UIInterfaceOrientationLandscapeRight";
				LD_RUNPATH_SEARCH_PATHS = (
					"$(inherited)",
					"@executable_path/Frameworks",
				);
				MARKETING_VERSION = 1.0;
				PRODUCT_BUNDLE_IDENTIFIER = com.Yasser.Application;
				PRODUCT_NAME = "$(TARGET_NAME)";
				SWIFT_EMIT_LOC_STRINGS = YES;
				SWIFT_VERSION = 5.0;
				TARGETED_DEVICE_FAMILY = "1,2";
			};
			name = Release;
		};
		EF2B3E8D2BE2E20100590216 /* Debug */ = {
			isa = XCBuildConfiguration;
			buildSettings = {
				ALWAYS_EMBED_SWIFT_STANDARD_LIBRARIES = YES;
				BUNDLE_LOADER = "$(TEST_HOST)";
				CODE_SIGN_STYLE = Automatic;
				CURRENT_PROJECT_VERSION = 1;
				DEVELOPMENT_TEAM = XVPZ66P689;
				GENERATE_INFOPLIST_FILE = YES;
				IPHONEOS_DEPLOYMENT_TARGET = 17.2;
				MARKETING_VERSION = 1.0;
				PRODUCT_BUNDLE_IDENTIFIER = com.Yasser.ApplicationTests;
				PRODUCT_NAME = "$(TARGET_NAME)";
				SWIFT_EMIT_LOC_STRINGS = NO;
				SWIFT_VERSION = 5.0;
				TARGETED_DEVICE_FAMILY = "1,2";
				TEST_HOST = "$(BUILT_PRODUCTS_DIR)/Application.app/$(BUNDLE_EXECUTABLE_FOLDER_PATH)/Application";
			};
			name = Debug;
		};
		EF2B3E8E2BE2E20100590216 /* Release */ = {
			isa = XCBuildConfiguration;
			buildSettings = {
				ALWAYS_EMBED_SWIFT_STANDARD_LIBRARIES = YES;
				BUNDLE_LOADER = "$(TEST_HOST)";
				CODE_SIGN_STYLE = Automatic;
				CURRENT_PROJECT_VERSION = 1;
				DEVELOPMENT_TEAM = XVPZ66P689;
				GENERATE_INFOPLIST_FILE = YES;
				IPHONEOS_DEPLOYMENT_TARGET = 17.2;
				MARKETING_VERSION = 1.0;
				PRODUCT_BUNDLE_IDENTIFIER = com.Yasser.ApplicationTests;
				PRODUCT_NAME = "$(TARGET_NAME)";
				SWIFT_EMIT_LOC_STRINGS = NO;
				SWIFT_VERSION = 5.0;
				TARGETED_DEVICE_FAMILY = "1,2";
				TEST_HOST = "$(BUILT_PRODUCTS_DIR)/Application.app/$(BUNDLE_EXECUTABLE_FOLDER_PATH)/Application";
			};
			name = Release;
		};
		EF2B3E902BE2E20100590216 /* Debug */ = {
			isa = XCBuildConfiguration;
			buildSettings = {
				ALWAYS_EMBED_SWIFT_STANDARD_LIBRARIES = YES;
				CODE_SIGN_STYLE = Automatic;
				CURRENT_PROJECT_VERSION = 1;
				DEVELOPMENT_TEAM = XVPZ66P689;
				GENERATE_INFOPLIST_FILE = YES;
				MARKETING_VERSION = 1.0;
				PRODUCT_BUNDLE_IDENTIFIER = com.Yasser.ApplicationUITests;
				PRODUCT_NAME = "$(TARGET_NAME)";
				SWIFT_EMIT_LOC_STRINGS = NO;
				SWIFT_VERSION = 5.0;
				TARGETED_DEVICE_FAMILY = "1,2";
				TEST_TARGET_NAME = Application;
			};
			name = Debug;
		};
		EF2B3E912BE2E20100590216 /* Release */ = {
			isa = XCBuildConfiguration;
			buildSettings = {
				ALWAYS_EMBED_SWIFT_STANDARD_LIBRARIES = YES;
				CODE_SIGN_STYLE = Automatic;
				CURRENT_PROJECT_VERSION = 1;
				DEVELOPMENT_TEAM = XVPZ66P689;
				GENERATE_INFOPLIST_FILE = YES;
				MARKETING_VERSION = 1.0;
				PRODUCT_BUNDLE_IDENTIFIER = com.Yasser.ApplicationUITests;
				PRODUCT_NAME = "$(TARGET_NAME)";
				SWIFT_EMIT_LOC_STRINGS = NO;
				SWIFT_VERSION = 5.0;
				TARGETED_DEVICE_FAMILY = "1,2";
				TEST_TARGET_NAME = Application;
			};
			name = Release;
		};
		EF2B3EAF2BE2E2F800590216 /* Debug */ = {
			isa = XCBuildConfiguration;
			buildSettings = {
				CODE_SIGN_STYLE = Automatic;
				CURRENT_PROJECT_VERSION = 1;
				DEFINES_MODULE = YES;
				DEVELOPMENT_TEAM = XVPZ66P689;
				DYLIB_COMPATIBILITY_VERSION = 1;
				DYLIB_CURRENT_VERSION = 1;
				DYLIB_INSTALL_NAME_BASE = "@rpath";
				ENABLE_MODULE_VERIFIER = YES;
				GENERATE_INFOPLIST_FILE = YES;
				INFOPLIST_KEY_NSHumanReadableCopyright = "";
				INSTALL_PATH = "$(LOCAL_LIBRARY_DIR)/Frameworks";
				LD_RUNPATH_SEARCH_PATHS = (
					"$(inherited)",
					"@executable_path/Frameworks",
					"@loader_path/Frameworks",
				);
				MARKETING_VERSION = 1.0;
				MODULE_VERIFIER_SUPPORTED_LANGUAGES = "objective-c objective-c++";
				MODULE_VERIFIER_SUPPORTED_LANGUAGE_STANDARDS = "gnu17 gnu++20";
				PRODUCT_BUNDLE_IDENTIFIER = com.Yasser.ModuleA;
				PRODUCT_NAME = "$(TARGET_NAME:c99extidentifier)";
				SKIP_INSTALL = YES;
				SWIFT_EMIT_LOC_STRINGS = YES;
				SWIFT_VERSION = 5.0;
				TARGETED_DEVICE_FAMILY = "1,2";
				VERSIONING_SYSTEM = "apple-generic";
				VERSION_INFO_PREFIX = "";
			};
			name = Debug;
		};
		EF2B3EB02BE2E2F800590216 /* Release */ = {
			isa = XCBuildConfiguration;
			buildSettings = {
				CODE_SIGN_STYLE = Automatic;
				CURRENT_PROJECT_VERSION = 1;
				DEFINES_MODULE = YES;
				DEVELOPMENT_TEAM = XVPZ66P689;
				DYLIB_COMPATIBILITY_VERSION = 1;
				DYLIB_CURRENT_VERSION = 1;
				DYLIB_INSTALL_NAME_BASE = "@rpath";
				ENABLE_MODULE_VERIFIER = YES;
				GENERATE_INFOPLIST_FILE = YES;
				INFOPLIST_KEY_NSHumanReadableCopyright = "";
				INSTALL_PATH = "$(LOCAL_LIBRARY_DIR)/Frameworks";
				LD_RUNPATH_SEARCH_PATHS = (
					"$(inherited)",
					"@executable_path/Frameworks",
					"@loader_path/Frameworks",
				);
				MARKETING_VERSION = 1.0;
				MODULE_VERIFIER_SUPPORTED_LANGUAGES = "objective-c objective-c++";
				MODULE_VERIFIER_SUPPORTED_LANGUAGE_STANDARDS = "gnu17 gnu++20";
				PRODUCT_BUNDLE_IDENTIFIER = com.Yasser.ModuleA;
				PRODUCT_NAME = "$(TARGET_NAME:c99extidentifier)";
				SKIP_INSTALL = YES;
				SWIFT_EMIT_LOC_STRINGS = YES;
				SWIFT_VERSION = 5.0;
				TARGETED_DEVICE_FAMILY = "1,2";
				VERSIONING_SYSTEM = "apple-generic";
				VERSION_INFO_PREFIX = "";
			};
			name = Release;
		};
		EF2B3EB32BE2E2F800590216 /* Debug */ = {
			isa = XCBuildConfiguration;
			buildSettings = {
				ALWAYS_EMBED_SWIFT_STANDARD_LIBRARIES = YES;
				CODE_SIGN_STYLE = Automatic;
				CURRENT_PROJECT_VERSION = 1;
				DEVELOPMENT_TEAM = XVPZ66P689;
				GENERATE_INFOPLIST_FILE = YES;
				MARKETING_VERSION = 1.0;
				PRODUCT_BUNDLE_IDENTIFIER = com.Yasser.ModuleATests;
				PRODUCT_NAME = "$(TARGET_NAME)";
				SWIFT_EMIT_LOC_STRINGS = NO;
				SWIFT_VERSION = 5.0;
				TARGETED_DEVICE_FAMILY = "1,2";
				TEST_HOST = "$(BUILT_PRODUCTS_DIR)/Application.app/$(BUNDLE_EXECUTABLE_FOLDER_PATH)/Application";
			};
			name = Debug;
		};
		EF2B3EB42BE2E2F800590216 /* Release */ = {
			isa = XCBuildConfiguration;
			buildSettings = {
				ALWAYS_EMBED_SWIFT_STANDARD_LIBRARIES = YES;
				CODE_SIGN_STYLE = Automatic;
				CURRENT_PROJECT_VERSION = 1;
				DEVELOPMENT_TEAM = XVPZ66P689;
				GENERATE_INFOPLIST_FILE = YES;
				MARKETING_VERSION = 1.0;
				PRODUCT_BUNDLE_IDENTIFIER = com.Yasser.ModuleATests;
				PRODUCT_NAME = "$(TARGET_NAME)";
				SWIFT_EMIT_LOC_STRINGS = NO;
				SWIFT_VERSION = 5.0;
				TARGETED_DEVICE_FAMILY = "1,2";
				TEST_HOST = "$(BUILT_PRODUCTS_DIR)/Application.app/$(BUNDLE_EXECUTABLE_FOLDER_PATH)/Application";
			};
			name = Release;
		};
		EF2B3ED22BE2E31A00590216 /* Debug */ = {
			isa = XCBuildConfiguration;
			buildSettings = {
				CODE_SIGN_STYLE = Automatic;
				CURRENT_PROJECT_VERSION = 1;
				DEFINES_MODULE = YES;
				DEVELOPMENT_TEAM = XVPZ66P689;
				DYLIB_COMPATIBILITY_VERSION = 1;
				DYLIB_CURRENT_VERSION = 1;
				DYLIB_INSTALL_NAME_BASE = "@rpath";
				ENABLE_MODULE_VERIFIER = YES;
				GENERATE_INFOPLIST_FILE = YES;
				INFOPLIST_KEY_NSHumanReadableCopyright = "";
				INSTALL_PATH = "$(LOCAL_LIBRARY_DIR)/Frameworks";
				LD_RUNPATH_SEARCH_PATHS = (
					"$(inherited)",
					"@executable_path/Frameworks",
					"@loader_path/Frameworks",
				);
				MARKETING_VERSION = 1.0;
				MODULE_VERIFIER_SUPPORTED_LANGUAGES = "objective-c objective-c++";
				MODULE_VERIFIER_SUPPORTED_LANGUAGE_STANDARDS = "gnu17 gnu++20";
				PRODUCT_BUNDLE_IDENTIFIER = com.Yasser.ModuleB;
				PRODUCT_NAME = "$(TARGET_NAME:c99extidentifier)";
				SKIP_INSTALL = YES;
				SWIFT_EMIT_LOC_STRINGS = YES;
				SWIFT_VERSION = 5.0;
				TARGETED_DEVICE_FAMILY = "1,2";
				VERSIONING_SYSTEM = "apple-generic";
				VERSION_INFO_PREFIX = "";
			};
			name = Debug;
		};
		EF2B3ED32BE2E31A00590216 /* Release */ = {
			isa = XCBuildConfiguration;
			buildSettings = {
				CODE_SIGN_STYLE = Automatic;
				CURRENT_PROJECT_VERSION = 1;
				DEFINES_MODULE = YES;
				DEVELOPMENT_TEAM = XVPZ66P689;
				DYLIB_COMPATIBILITY_VERSION = 1;
				DYLIB_CURRENT_VERSION = 1;
				DYLIB_INSTALL_NAME_BASE = "@rpath";
				ENABLE_MODULE_VERIFIER = YES;
				GENERATE_INFOPLIST_FILE = YES;
				INFOPLIST_KEY_NSHumanReadableCopyright = "";
				INSTALL_PATH = "$(LOCAL_LIBRARY_DIR)/Frameworks";
				LD_RUNPATH_SEARCH_PATHS = (
					"$(inherited)",
					"@executable_path/Frameworks",
					"@loader_path/Frameworks",
				);
				MARKETING_VERSION = 1.0;
				MODULE_VERIFIER_SUPPORTED_LANGUAGES = "objective-c objective-c++";
				MODULE_VERIFIER_SUPPORTED_LANGUAGE_STANDARDS = "gnu17 gnu++20";
				PRODUCT_BUNDLE_IDENTIFIER = com.Yasser.ModuleB;
				PRODUCT_NAME = "$(TARGET_NAME:c99extidentifier)";
				SKIP_INSTALL = YES;
				SWIFT_EMIT_LOC_STRINGS = YES;
				SWIFT_VERSION = 5.0;
				TARGETED_DEVICE_FAMILY = "1,2";
				VERSIONING_SYSTEM = "apple-generic";
				VERSION_INFO_PREFIX = "";
			};
			name = Release;
		};
		EF2B3ED52BE2E31A00590216 /* Debug */ = {
			isa = XCBuildConfiguration;
			buildSettings = {
				ALWAYS_EMBED_SWIFT_STANDARD_LIBRARIES = YES;
				CODE_SIGN_STYLE = Automatic;
				CURRENT_PROJECT_VERSION = 1;
				DEVELOPMENT_TEAM = XVPZ66P689;
				GENERATE_INFOPLIST_FILE = YES;
				MARKETING_VERSION = 1.0;
				PRODUCT_BUNDLE_IDENTIFIER = com.Yasser.ModuleBTests;
				PRODUCT_NAME = "$(TARGET_NAME)";
				SWIFT_EMIT_LOC_STRINGS = NO;
				SWIFT_VERSION = 5.0;
				TARGETED_DEVICE_FAMILY = "1,2";
				TEST_HOST = "$(BUILT_PRODUCTS_DIR)/Application.app/$(BUNDLE_EXECUTABLE_FOLDER_PATH)/Application";
			};
			name = Debug;
		};
		EF2B3ED62BE2E31A00590216 /* Release */ = {
			isa = XCBuildConfiguration;
			buildSettings = {
				ALWAYS_EMBED_SWIFT_STANDARD_LIBRARIES = YES;
				CODE_SIGN_STYLE = Automatic;
				CURRENT_PROJECT_VERSION = 1;
				DEVELOPMENT_TEAM = XVPZ66P689;
				GENERATE_INFOPLIST_FILE = YES;
				MARKETING_VERSION = 1.0;
				PRODUCT_BUNDLE_IDENTIFIER = com.Yasser.ModuleBTests;
				PRODUCT_NAME = "$(TARGET_NAME)";
				SWIFT_EMIT_LOC_STRINGS = NO;
				SWIFT_VERSION = 5.0;
				TARGETED_DEVICE_FAMILY = "1,2";
				TEST_HOST = "$(BUILT_PRODUCTS_DIR)/Application.app/$(BUNDLE_EXECUTABLE_FOLDER_PATH)/Application";
			};
			name = Release;
		};
/* End XCBuildConfiguration section */

/* Begin XCConfigurationList section */
		EF2B3E572BE2E1F200590216 /* Build configuration list for PBXProject "Application" */ = {
			isa = XCConfigurationList;
			buildConfigurations = (
				EF2B3E872BE2E20100590216 /* Debug */,
				EF2B3E882BE2E20100590216 /* Release */,
			);
			defaultConfigurationIsVisible = 0;
			defaultConfigurationName = Release;
		};
		EF2B3E892BE2E20100590216 /* Build configuration list for PBXNativeTarget "Application" */ = {
			isa = XCConfigurationList;
			buildConfigurations = (
				EF2B3E8A2BE2E20100590216 /* Debug */,
				EF2B3E8B2BE2E20100590216 /* Release */,
			);
			defaultConfigurationIsVisible = 0;
			defaultConfigurationName = Release;
		};
		EF2B3E8C2BE2E20100590216 /* Build configuration list for PBXNativeTarget "ApplicationTests" */ = {
			isa = XCConfigurationList;
			buildConfigurations = (
				EF2B3E8D2BE2E20100590216 /* Debug */,
				EF2B3E8E2BE2E20100590216 /* Release */,
			);
			defaultConfigurationIsVisible = 0;
			defaultConfigurationName = Release;
		};
		EF2B3E8F2BE2E20100590216 /* Build configuration list for PBXNativeTarget "ApplicationUITests" */ = {
			isa = XCConfigurationList;
			buildConfigurations = (
				EF2B3E902BE2E20100590216 /* Debug */,
				EF2B3E912BE2E20100590216 /* Release */,
			);
			defaultConfigurationIsVisible = 0;
			defaultConfigurationName = Release;
		};
		EF2B3EAE2BE2E2F800590216 /* Build configuration list for PBXNativeTarget "ModuleA" */ = {
			isa = XCConfigurationList;
			buildConfigurations = (
				EF2B3EAF2BE2E2F800590216 /* Debug */,
				EF2B3EB02BE2E2F800590216 /* Release */,
			);
			defaultConfigurationIsVisible = 0;
			defaultConfigurationName = Release;
		};
		EF2B3EB22BE2E2F800590216 /* Build configuration list for PBXNativeTarget "ModuleATests" */ = {
			isa = XCConfigurationList;
			buildConfigurations = (
				EF2B3EB32BE2E2F800590216 /* Debug */,
				EF2B3EB42BE2E2F800590216 /* Release */,
			);
			defaultConfigurationIsVisible = 0;
			defaultConfigurationName = Release;
		};
		EF2B3ED12BE2E31A00590216 /* Build configuration list for PBXNativeTarget "ModuleB" */ = {
			isa = XCConfigurationList;
			buildConfigurations = (
				EF2B3ED22BE2E31A00590216 /* Debug */,
				EF2B3ED32BE2E31A00590216 /* Release */,
			);
			defaultConfigurationIsVisible = 0;
			defaultConfigurationName = Release;
		};
		EF2B3ED42BE2E31A00590216 /* Build configuration list for PBXNativeTarget "ModuleBTests" */ = {
			isa = XCConfigurationList;
			buildConfigurations = (
				EF2B3ED52BE2E31A00590216 /* Debug */,
				EF2B3ED62BE2E31A00590216 /* Release */,
			);
			defaultConfigurationIsVisible = 0;
			defaultConfigurationName = Release;
		};
/* End XCConfigurationList section */

/* Begin XCVersionGroup section */
		EF2B3E682BE2E1F200590216 /* Application.xcdatamodeld */ = {
			isa = XCVersionGroup;
			children = (
				EF2B3E692BE2E1F200590216 /* Application.xcdatamodel */,
			);
			currentVersion = EF2B3E692BE2E1F200590216 /* Application.xcdatamodel */;
			path = Application.xcdatamodeld;
			sourceTree = "<group>";
			versionGroupType = wrapper.xcdatamodel;
		};
		EF2B3EF12BE3004F00590216 /* UniversityModel.xcdatamodeld */ = {
			isa = XCVersionGroup;
			children = (
				EF2B3EF22BE3005000590216 /* University.xcdatamodel */,
			);
			currentVersion = EF2B3EF22BE3005000590216 /* University.xcdatamodel */;
			path = UniversityModel.xcdatamodeld;
			sourceTree = "<group>";
			versionGroupType = wrapper.xcdatamodel;
		};
/* End XCVersionGroup section */
	};
	rootObject = EF2B3E542BE2E1F200590216 /* Project object */;
}
